# THIS IS AN AUTOGENERATED FILE. DO NOT EDIT THIS FILE DIRECTLY.
# yarn lockfile v1


accepts@~1.2.10:
  version "1.2.13"
  resolved "https://registry.npmjs.org/accepts/-/accepts-1.2.13.tgz"
  integrity sha1-5fHzkoxtlf2WVYw27D2dDeSm7Oo=
  dependencies:
    mime-types "~2.1.6"
    negotiator "0.5.3"

array-flatten@1.1.0:
  version "1.1.0"
  resolved "https://registry.npmjs.org/array-flatten/-/array-flatten-1.1.0.tgz"
  integrity sha1-rD76xxew57vcd4zgvec4GsZgQ5M=

async@0.1.22:
  version "0.1.22"
  resolved "https://registry.npmjs.org/async/-/async-0.1.22.tgz"
  integrity sha1-D8GqoIig4+8Ovi2IMbqw3PiEUGE=

async@1.5.0:
  version "1.5.0"
  resolved "https://registry.npmjs.org/async/-/async-1.5.0.tgz"
  integrity sha1-J5ZkJyNXOFlWVjP8YnRES+4vjOM=

base64id@0.1.0:
  version "0.1.0"
  resolved "https://registry.npmjs.org/base64id/-/base64id-0.1.0.tgz"
  integrity sha1-As4P3u4M709ACA4ec+g08LG/zj8=

bindings@1.2.x, bindings@~1.2.1:
  version "1.2.1"
  resolved "https://registry.yarnpkg.com/bindings/-/bindings-1.2.1.tgz#14ad6113812d2d37d72e67b4cacb4bb726505f11"
  integrity sha1-FK1hE4EtLTfXLme0ystLtyZQXxE=

buffer-equal-constant-time@1.0.1:
  version "1.0.1"
  resolved "https://registry.npmjs.org/buffer-equal-constant-time/-/buffer-equal-constant-time-1.0.1.tgz"
  integrity sha1-+OcRMvf/5uAaXJaXpMbz5I1cyBk=

bufferutil@1.2.x:
  version "1.2.1"
  resolved "https://registry.yarnpkg.com/bufferutil/-/bufferutil-1.2.1.tgz#37be5d36e1e06492221e68d474b1ac58e510cbd7"
  integrity sha1-N75dNuHgZJIiHmjUdLGsWOUQy9c=
  dependencies:
    bindings "1.2.x"
    nan "^2.0.5"

component-emitter@1.2.0:
  version "1.2.0"
  resolved "https://registry.npmjs.org/component-emitter/-/component-emitter-1.2.0.tgz"
  integrity sha1-zNETqGOI0GSC0D3j/H35hSa6jv4=

connect@3.0.1:
  version "3.0.1"
  resolved "https://registry.npmjs.org/connect/-/connect-3.0.1.tgz"
  integrity sha1-Aw4s3wNysSiSpoV8Rlopi7lE71A=
  dependencies:
    debug "1.0.2"
    finalhandler "0.0.2"
    parseurl "1.0.1"
    utils-merge "1.0.0"

content-disposition@0.5.0:
  version "0.5.0"
  resolved "https://registry.npmjs.org/content-disposition/-/content-disposition-0.5.0.tgz"
  integrity sha1-QoT+auBjCHRjnkToCkGMKTQTXp4=

content-type@~1.0.1:
  version "1.0.4"
  resolved "https://registry.npmjs.org/content-type/-/content-type-1.0.4.tgz"
  integrity sha512-hIP3EEPs8tB9AT1L+NUqtwOAps4mk2Zob89MWXMHjHWg9milF/j4osnnQLXBCBFBk/tvIG/tUc9mOUJiPBhPXA==

cookie-signature@1.0.6:
  version "1.0.6"
  resolved "https://registry.npmjs.org/cookie-signature/-/cookie-signature-1.0.6.tgz"
  integrity sha1-4wOogrNCzD7oylE6eZmXNNqzriw=

cookie@0.1.3:
  version "0.1.3"
  resolved "https://registry.npmjs.org/cookie/-/cookie-0.1.3.tgz"
  integrity sha1-5zSlwUF/zkctWu+Cw4HKu2TRpDU=

crc@3.2.1:
  version "3.2.1"
  resolved "https://registry.npmjs.org/crc/-/crc-3.2.1.tgz"
  integrity sha1-XZyPt3okXNXsopHl0tAFM0urAII=

debug@1.0.2:
  version "1.0.2"
  resolved "https://registry.npmjs.org/debug/-/debug-1.0.2.tgz"
  integrity sha1-OElZHBDM5khHbDx8Li40FttZY8Q=
  dependencies:
    ms "0.6.2"

debug@~2.1.1:
  version "2.1.3"
  resolved "https://registry.npmjs.org/debug/-/debug-2.1.3.tgz"
  integrity sha1-zoqxte6PvuK/o7Yzyrk9NmtjQY4=
  dependencies:
    ms "0.7.0"

debug@~2.2.0:
  version "2.2.0"
  resolved "https://registry.npmjs.org/debug/-/debug-2.2.0.tgz"
  integrity sha1-+HBX6ZWxofauaklgZkE3vFbwOdo=
  dependencies:
    ms "0.7.1"

depd@~1.0.0, depd@~1.0.1:
  version "1.0.1"
  resolved "https://registry.npmjs.org/depd/-/depd-1.0.1.tgz"
  integrity sha1-gK7GTJ1tl+ZcwqnKqTwKpqv3Oqo=

depd@~1.1.0:
  version "1.1.2"
  resolved "https://registry.npmjs.org/depd/-/depd-1.1.2.tgz"
  integrity sha1-m81S4UwJd2PnSbJ0xDRu0uVgtak=

destroy@1.0.3:
  version "1.0.3"
  resolved "https://registry.npmjs.org/destroy/-/destroy-1.0.3.tgz"
  integrity sha1-tDO0ck5x/YVR2YhRdIUcX8N34sk=

destroy@~1.0.4:
  version "1.0.4"
  resolved "https://registry.npmjs.org/destroy/-/destroy-1.0.4.tgz"
  integrity sha1-l4hXRCxEdJ5CBmE+N5RiBYJqvYA=

ecdsa-sig-formatter@1.0.11:
  version "1.0.11"
  resolved "https://registry.npmjs.org/ecdsa-sig-formatter/-/ecdsa-sig-formatter-1.0.11.tgz"
  integrity sha512-nagl3RYrbNv6kQkeJIpt6NJZy8twLB/2vtz6yN9Z4vRKHN4/QZJIEbqohALSgwKdnksuY3k5Addp5lg8sVoVcQ==
  dependencies:
    safe-buffer "^5.0.1"

ee-first@1.1.0:
  version "1.1.0"
  resolved "https://registry.npmjs.org/ee-first/-/ee-first-1.1.0.tgz"
  integrity sha1-ag18YiHkkP7v2S7D9EHJzozQl/Q=

ee-first@1.1.1:
  version "1.1.1"
  resolved "https://registry.npmjs.org/ee-first/-/ee-first-1.1.1.tgz"
  integrity sha1-WQxhFWsK4vTwJVcyoViyZrxWsh0=

escape-html@1.0.1:
  version "1.0.1"
  resolved "https://registry.npmjs.org/escape-html/-/escape-html-1.0.1.tgz"
  integrity sha1-GBoobq05ejmpKFfPsdQwUuNWv/A=

escape-html@1.0.2:
  version "1.0.2"
  resolved "https://registry.npmjs.org/escape-html/-/escape-html-1.0.2.tgz"
  integrity sha1-130y+pjjjC9BroXpJ44ODmuhAiw=

escape-html@~1.0.3:
  version "1.0.3"
  resolved "https://registry.npmjs.org/escape-html/-/escape-html-1.0.3.tgz"
  integrity sha1-Aljq5NPQwJdN4cFpGI7wBR0dGYg=

etag@~1.5.1:
  version "1.5.1"
  resolved "https://registry.npmjs.org/etag/-/etag-1.5.1.tgz"
  integrity sha1-VMUN4E7kJpVWKSWsVmWIKRvn6eo=
  dependencies:
    crc "3.2.1"

etag@~1.7.0:
  version "1.7.0"
  resolved "https://registry.npmjs.org/etag/-/etag-1.7.0.tgz"
  integrity sha1-A9MLX2fdbmMtKUXTDWZScxo01dg=

expirymanager@0.9.x:
  version "0.9.4"
  resolved "https://registry.npmjs.org/expirymanager/-/expirymanager-0.9.4.tgz"
  integrity sha512-bKcLuZPTs9mFxQ2VJPYJCMuGVAM9Ah6KfezbDA3IegbGeqR39WdPi+T7GgDGVuBPjYDFsSP/va5csiNVCGT1Mw==

express@4.13.1:
  version "4.13.1"
  resolved "https://registry.npmjs.org/express/-/express-4.13.1.tgz"
  integrity sha1-8ReqHR9r7byN5bbXH8MaWs0PY98=
  dependencies:
    accepts "~1.2.10"
    array-flatten "1.1.0"
    content-disposition "0.5.0"
    content-type "~1.0.1"
    cookie "0.1.3"
    cookie-signature "1.0.6"
    debug "~2.2.0"
    depd "~1.0.1"
    escape-html "1.0.2"
    etag "~1.7.0"
    finalhandler "0.4.0"
    fresh "0.3.0"
    merge-descriptors "1.0.0"
    methods "~1.1.1"
    on-finished "~2.3.0"
    parseurl "~1.3.0"
    path-to-regexp "0.1.6"
    proxy-addr "~1.0.8"
    qs "4.0.0"
    range-parser "~1.0.2"
    send "0.13.0"
    serve-static "~1.10.0"
    type-is "~1.6.4"
    utils-merge "1.0.0"
    vary "~1.0.0"

finalhandler@0.0.2:
  version "0.0.2"
  resolved "https://registry.npmjs.org/finalhandler/-/finalhandler-0.0.2.tgz"
  integrity sha1-BgPYde6H1WeiZmkoFcyK1E/M7to=
  dependencies:
    debug "1.0.2"
    escape-html "1.0.1"

finalhandler@0.4.0:
  version "0.4.0"
  resolved "https://registry.npmjs.org/finalhandler/-/finalhandler-0.4.0.tgz"
  integrity sha1-llpS2ejQXSuFdUhUH7ibU6JJfZs=
  dependencies:
    debug "~2.2.0"
    escape-html "1.0.2"
    on-finished "~2.3.0"
    unpipe "~1.0.0"

fleximap@0.9.x:
  version "0.9.10"
  resolved "https://registry.npmjs.org/fleximap/-/fleximap-0.9.10.tgz"
  integrity sha1-GqUP9qj+oAN8w3jjjdrMCRAlrBA=

forwarded@~0.1.0:
  version "0.1.2"
  resolved "https://registry.npmjs.org/forwarded/-/forwarded-0.1.2.tgz"
  integrity sha1-mMI9qxF1ZXuMBXPozszZGw/xjIQ=

fresh@0.2.4:
  version "0.2.4"
  resolved "https://registry.npmjs.org/fresh/-/fresh-0.2.4.tgz"
  integrity sha1-NYJJkgbJcjcUGQ7ddLRgT+tKYUw=

fresh@0.3.0:
  version "0.3.0"
  resolved "https://registry.npmjs.org/fresh/-/fresh-0.3.0.tgz"
  integrity sha1-ZR+DjiJCTnVm3hYdg1jKoZn4PU8=

http-errors@~1.3.1:
  version "1.3.1"
  resolved "https://registry.npmjs.org/http-errors/-/http-errors-1.3.1.tgz"
  integrity sha1-GX4izevUGYWF6GlO9nhhl7ke2UI=
  dependencies:
    inherits "~2.0.1"
    statuses "1"

inherits@~2.0.1:
  version "2.0.4"
  resolved "https://registry.npmjs.org/inherits/-/inherits-2.0.4.tgz"
  integrity sha512-k/vGaX4/Yla3WzyMCvTQOXYeIHvqOKtnqBduzTHpzpQZzAskKMhZ2K+EnBiSM9zGSoIFeMpXKxa4dYeZIQqewQ==

iocluster@3.0.x:
  version "3.0.0"
  resolved "https://registry.npmjs.org/iocluster/-/iocluster-3.0.0.tgz"
  integrity sha1-7TaMf1Jr7dyff+1SMxQOT+raKww=
  dependencies:
    async "0.1.22"
    ndata "2.10.x"
    sc-channel "1.0.x"

ipaddr.js@1.0.5:
  version "1.0.5"
  resolved "https://registry.npmjs.org/ipaddr.js/-/ipaddr.js-1.0.5.tgz"
  integrity sha1-X6eM8wG4JceKvDBC2BJyMEnqI8c=

jsonwebtoken@5.4.1:
  version "5.4.1"
  resolved "https://registry.npmjs.org/jsonwebtoken/-/jsonwebtoken-5.4.1.tgz"
  integrity sha1-IFXGORlf/lYxT6alHfAkaBhqlpU=
  dependencies:
    jws "^3.0.0"
    ms "^0.7.1"

jwa@^1.4.1:
  version "1.4.1"
  resolved "https://registry.npmjs.org/jwa/-/jwa-1.4.1.tgz"
  integrity sha512-qiLX/xhEEFKUAJ6FiBMbes3w9ATzyk5W7Hvzpa/SLYdxNtng+gcurvrI7TbACjIXlsJyr05/S1oUhZrc63evQA==
  dependencies:
    buffer-equal-constant-time "1.0.1"
    ecdsa-sig-formatter "1.0.11"
    safe-buffer "^5.0.1"

jws@^3.0.0:
  version "3.2.2"
  resolved "https://registry.npmjs.org/jws/-/jws-3.2.2.tgz"
  integrity sha512-YHlZCB6lMTllWDtSPHz/ZXTsi8S00usEV6v1tjq8tOUZzw7DpSDWVXjXDre6ed1w/pd495ODpHZYSdkRTsa0HA==
  dependencies:
    jwa "^1.4.1"
    safe-buffer "^5.0.1"

linked-list@0.1.0:
  version "0.1.0"
  resolved "https://registry.npmjs.org/linked-list/-/linked-list-0.1.0.tgz"
  integrity sha1-eYsP+X0bkqT9CEgPVa6k6dSdN78=

media-typer@0.3.0:
  version "0.3.0"
  resolved "https://registry.npmjs.org/media-typer/-/media-typer-0.3.0.tgz"
  integrity sha1-hxDXrwqmJvj/+hzgAWhUUmMlV0g=

merge-descriptors@1.0.0:
  version "1.0.0"
  resolved "https://registry.npmjs.org/merge-descriptors/-/merge-descriptors-1.0.0.tgz"
  integrity sha1-IWnPdTjhsMyH+4jhUC2EdLv3mGQ=

methods@~1.1.1:
  version "1.1.2"
  resolved "https://registry.npmjs.org/methods/-/methods-1.1.2.tgz"
  integrity sha1-VSmk1nZUE07cxSZmVoNbD4Ua/O4=

mime-db@1.49.0:
  version "1.49.0"
  resolved "https://registry.npmjs.org/mime-db/-/mime-db-1.49.0.tgz"
  integrity sha512-CIc8j9URtOVApSFCQIF+VBkX1RwXp/oMMOrqdyXSBXq5RWNEsRfyj1kiRnQgmNXmHxPoFIxOroKA3zcU9P+nAA==

mime-types@~2.1.24, mime-types@~2.1.6:
  version "2.1.32"
  resolved "https://registry.npmjs.org/mime-types/-/mime-types-2.1.32.tgz"
  integrity sha512-hJGaVS4G4c9TSMYh2n6SQAGrC4RnfU+daP8G7cSCmaqNjiOoUY0VHCMS42pxnQmVF1GWwFhbHWn3RIxCqTmZ9A==
  dependencies:
    mime-db "1.49.0"

mime@1.2.11:
  version "1.2.11"
  resolved "https://registry.npmjs.org/mime/-/mime-1.2.11.tgz"
  integrity sha1-WCA+7Ybjpe8XrtK32evUfwpg3RA=

mime@1.3.4:
  version "1.3.4"
  resolved "https://registry.npmjs.org/mime/-/mime-1.3.4.tgz"
  integrity sha1-EV+eO2s9rylZmDyzjxSaLUDrXVM=

minimist@1.1.0:
  version "1.1.0"
  resolved "https://registry.npmjs.org/minimist/-/minimist-1.1.0.tgz"
  integrity sha1-zfIl6ImPhAolje1E/JF3Z3Cv3JM=

ms@0.6.2:
  version "0.6.2"
  resolved "https://registry.npmjs.org/ms/-/ms-0.6.2.tgz"
  integrity sha1-2JwhJMb9wTU9Zai3e/GqxLGTcIw=

ms@0.7.0:
  version "0.7.0"
  resolved "https://registry.npmjs.org/ms/-/ms-0.7.0.tgz"
  integrity sha1-hlvpTC5zl62KV9pqYzpuLzB5i4M=

ms@0.7.1:
  version "0.7.1"
  resolved "https://registry.npmjs.org/ms/-/ms-0.7.1.tgz"
  integrity sha1-nNE8A62/8ltl7/3nzoZO6VIBcJg=

ms@^0.7.1:
  version "0.7.3"
  resolved "https://registry.npmjs.org/ms/-/ms-0.7.3.tgz"
  integrity sha1-cIFVpeROM/X9D8U+gdDUCpG+H/8=

nan@^2.0.5:
  version "2.15.0"
  resolved "https://registry.yarnpkg.com/nan/-/nan-2.15.0.tgz#3f34a473ff18e15c1b5626b62903b5ad6e665fee"
  integrity sha512-8ZtvEnA2c5aYCZYd1cvgdnU6cqwixRoYg70xPLWUws5ORTa/lnw+u4amixRS/Ac5U5mQVgp9pnlSUnbNWFaWZQ==

nan@~2.4.0:
  version "2.4.0"
  resolved "https://registry.yarnpkg.com/nan/-/nan-2.4.0.tgz#fb3c59d45fe4effe215f0b890f8adf6eb32d2232"
  integrity sha1-+zxZ1F/k7/4hXwuJD4rfbrMtIjI=

ncom@0.9.x:
  version "0.9.10"
  resolved "https://registry.npmjs.org/ncom/-/ncom-0.9.10.tgz"
  integrity sha1-dy2qW7uN5xb4dcXQNGp9408hnvY=
  dependencies:
    sc-formatter "1.0.x"

ndata@2.10.x:
  version "2.10.0"
  resolved "https://registry.npmjs.org/ndata/-/ndata-2.10.0.tgz"
  integrity sha1-Ua4URxtkiIuIJ8ayv28zLEk8YVo=
  dependencies:
    expirymanager "0.9.x"
    fleximap "0.9.x"
    ncom "0.9.x"

negotiator@0.5.3:
  version "0.5.3"
  resolved "https://registry.npmjs.org/negotiator/-/negotiator-0.5.3.tgz"
  integrity sha1-Jp1cR2gQ7JLtvntsLygxY4T5p+g=

node-uuid@1.4.3:
  version "1.4.3"
  resolved "https://registry.npmjs.org/node-uuid/-/node-uuid-1.4.3.tgz"
  integrity sha1-MZu3pW58tj8AtcDNeFHNS03fHfk=

on-finished@~2.2.0:
  version "2.2.1"
  resolved "https://registry.npmjs.org/on-finished/-/on-finished-2.2.1.tgz"
  integrity sha1-XIXBzDYpn3gCllP2Z/J7a5nrwCk=
  dependencies:
    ee-first "1.1.0"

on-finished@~2.3.0:
  version "2.3.0"
  resolved "https://registry.npmjs.org/on-finished/-/on-finished-2.3.0.tgz"
  integrity sha1-IPEzZIGwg811M3mSoWlxqi2QaUc=
  dependencies:
    ee-first "1.1.1"

options@>=0.0.5:
  version "0.0.6"
  resolved "https://registry.npmjs.org/options/-/options-0.0.6.tgz"
  integrity sha1-7CLTEoBrtT5zF3Pnza788cZDEo8=

parseurl@1.0.1:
  version "1.0.1"
  resolved "https://registry.npmjs.org/parseurl/-/parseurl-1.0.1.tgz"
  integrity sha1-Llfc5u/dN8NRhwEDCUTCK/OIt7Q=

parseurl@~1.3.0, parseurl@~1.3.1:
  version "1.3.3"
  resolved "https://registry.npmjs.org/parseurl/-/parseurl-1.3.3.tgz"
  integrity sha512-CiyeOxFT/JZyN5m0z9PfXw4SCBJ6Sygz1Dpl0wqjlhDEGGBP1GnsUVEL0p63hoG1fcj3fHynXi9NYO4nWOL+qQ==

path-to-regexp@0.1.6:
  version "0.1.6"
  resolved "https://registry.npmjs.org/path-to-regexp/-/path-to-regexp-0.1.6.tgz"
  integrity sha1-8B/Vc0BHtr+8XyCMYTWjPXrwnDY=

proxy-addr@~1.0.8:
  version "1.0.10"
  resolved "https://registry.npmjs.org/proxy-addr/-/proxy-addr-1.0.10.tgz"
  integrity sha1-DUCoL4Afw1VWfS7LZe/j8HfxIcU=
  dependencies:
    forwarded "~0.1.0"
    ipaddr.js "1.0.5"

qs@4.0.0:
  version "4.0.0"
  resolved "https://registry.npmjs.org/qs/-/qs-4.0.0.tgz"
  integrity sha1-wx2bdOwn33XlQ6hseHKO2NRiNgc=

range-parser@~1.0.2, range-parser@~1.0.3:
  version "1.0.3"
  resolved "https://registry.npmjs.org/range-parser/-/range-parser-1.0.3.tgz"
  integrity sha1-aHKCNTXGkuLCoBA4Jq/YLC4P8XU=

safe-buffer@^5.0.1:
  version "5.2.1"
  resolved "https://registry.npmjs.org/safe-buffer/-/safe-buffer-5.2.1.tgz"
  integrity sha512-rp3So07KcdmmKbGvgaNxQSJr7bGVSVk5S9Eq1F+ppbRo70+YeaDxkw5Dd8NPN+GD6bjnYm2VuPuCXmpuYvmCXQ==

sc-auth@1.0.x:
  version "1.0.0"
  resolved "https://registry.npmjs.org/sc-auth/-/sc-auth-1.0.0.tgz"
  integrity sha1-T3xrmJum2Gb0LuxEgV6Orz31XHg=
  dependencies:
    jsonwebtoken "5.4.1"

sc-channel@1.0.x:
  version "1.0.6"
  resolved "https://registry.npmjs.org/sc-channel/-/sc-channel-1.0.6.tgz"
  integrity sha1-s4vUepk+eCkPvFNGeGf2sqCghjk=
  dependencies:
    sc-emitter "1.x.x"

sc-emitter@1.0.x:
  version "1.0.1"
  resolved "https://registry.npmjs.org/sc-emitter/-/sc-emitter-1.0.1.tgz"
  integrity sha1-D79SlQycaBYjXOyZVEzsOKUBB2M=
  dependencies:
    component-emitter "1.2.0"

sc-emitter@1.x.x:
  version "1.1.0"
  resolved "https://registry.npmjs.org/sc-emitter/-/sc-emitter-1.1.0.tgz"
  integrity sha1-7xGdQiL0xk+Ie0hpZO8REWzdDnU=
  dependencies:
    component-emitter "1.2.0"

sc-formatter@1.0.x:
  version "1.0.4"
  resolved "https://registry.npmjs.org/sc-formatter/-/sc-formatter-1.0.4.tgz"
  integrity sha1-qfNbk3Mcj4TrouH9kod2oK/Luks=

sc-simple-broker@1.0.x:
  version "1.0.0"
  resolved "https://registry.npmjs.org/sc-simple-broker/-/sc-simple-broker-1.0.0.tgz"
  integrity sha1-cb3njxk6QarzT9BXmnkZcRnxCu0=
  dependencies:
    sc-channel "1.0.x"

sc-ws@0.8.0:
  version "0.8.0"
  resolved "https://registry.npmjs.org/sc-ws/-/sc-ws-0.8.0.tgz"
  integrity sha1-6gIVV0ml1CMlL65HhNmbgtd987c=
  dependencies:
    options ">=0.0.5"
    ultron "1.0.x"
  optionalDependencies:
    bufferutil "1.2.x"
    utf-8-validate "1.2.x"

send@0.11.0:
  version "0.11.0"
  resolved "https://registry.npmjs.org/send/-/send-0.11.0.tgz"
  integrity sha1-1muDtEV2Bh69SVUZQ7PFwfYcswg=
  dependencies:
    debug "~2.1.1"
    depd "~1.0.0"
    destroy "1.0.3"
    escape-html "1.0.1"
    etag "~1.5.1"
    fresh "0.2.4"
    mime "1.2.11"
    ms "0.7.0"
    on-finished "~2.2.0"
    range-parser "~1.0.2"

send@0.13.0:
  version "0.13.0"
  resolved "https://registry.npmjs.org/send/-/send-0.13.0.tgz"
  integrity sha1-UY+SGusFYK7H3KspkLFM9vPM5d4=
  dependencies:
    debug "~2.2.0"
    depd "~1.0.1"
    destroy "1.0.3"
    escape-html "1.0.2"
    etag "~1.7.0"
    fresh "0.3.0"
    http-errors "~1.3.1"
    mime "1.3.4"
    ms "0.7.1"
    on-finished "~2.3.0"
    range-parser "~1.0.2"
    statuses "~1.2.1"

send@0.13.2:
  version "0.13.2"
  resolved "https://registry.npmjs.org/send/-/send-0.13.2.tgz"
  integrity sha1-dl52B8gFVFK7pvCwUllTUJhgNt4=
  dependencies:
    debug "~2.2.0"
    depd "~1.1.0"
    destroy "~1.0.4"
    escape-html "~1.0.3"
    etag "~1.7.0"
    fresh "0.3.0"
    http-errors "~1.3.1"
    mime "1.3.4"
    ms "0.7.1"
    on-finished "~2.3.0"
    range-parser "~1.0.3"
    statuses "~1.2.1"

serve-static@1.8.0:
  version "1.8.0"
  resolved "https://registry.npmjs.org/serve-static/-/serve-static-1.8.0.tgz"
  integrity sha1-I55Xu/zgMKiTPSdOP+e1VJLqJnw=
  dependencies:
    escape-html "1.0.1"
    parseurl "~1.3.0"
    send "0.11.0"
    utils-merge "1.0.0"

serve-static@~1.10.0:
  version "1.10.3"
  resolved "https://registry.npmjs.org/serve-static/-/serve-static-1.10.3.tgz"
  integrity sha1-zlpuzTEB/tXsCYJ9rCKpwpv7BTU=
  dependencies:
    escape-html "~1.0.3"
    parseurl "~1.3.1"
    send "0.13.2"

socketcluster-client@2.x.x:
  version "2.4.1"
  resolved "https://registry.npmjs.org/socketcluster-client/-/socketcluster-client-2.4.1.tgz"
  integrity sha1-0MBumwCrgFIuez2BK4aiCChY2Uc=
  dependencies:
    linked-list "0.1.0"
    sc-channel "1.0.x"
    sc-emitter "1.0.x"
    sc-formatter "1.0.x"
    sc-ws "0.8.0"

socketcluster-server@1.0.x:
  version "1.0.2"
  resolved "https://registry.npmjs.org/socketcluster-server/-/socketcluster-server-1.0.2.tgz"
  integrity sha1-YYMSjV5vT3o0hT6tjOlVXMrFGew=
  dependencies:
    async "1.5.0"
    base64id "0.1.0"
    jsonwebtoken "5.4.1"
    node-uuid "1.4.3"
    sc-auth "1.0.x"
    sc-emitter "1.0.x"
    sc-formatter "1.0.x"
    sc-simple-broker "1.0.x"
    ws "0.8.0"

socketcluster@2.x.x:
  version "2.5.3"
  resolved "https://registry.npmjs.org/socketcluster/-/socketcluster-2.5.3.tgz"
  integrity sha1-hGtlY0j/9yYSqfnpo4i204xcwOg=
  dependencies:
    async "1.5.0"
    base64id "0.1.0"
    iocluster "3.0.x"
    jsonwebtoken "5.4.1"
    minimist "1.1.0"
    node-uuid "1.4.3"
    sc-auth "1.0.x"
    sc-emitter "1.0.x"
    sc-formatter "1.0.x"
    socketcluster-server "1.0.x"
    uid-number "0.0.5"
    wrench "1.5.8"
    ws "0.8.0"

statuses@1:
  version "1.5.0"
  resolved "https://registry.npmjs.org/statuses/-/statuses-1.5.0.tgz"
  integrity sha1-Fhx9rBd2Wf2YEfQ3cfqZOBR4Yow=

statuses@~1.2.1:
  version "1.2.1"
  resolved "https://registry.npmjs.org/statuses/-/statuses-1.2.1.tgz"
  integrity sha1-3e1FzBglbVHtQK7BQkidXGECbSg=

type-is@~1.6.4:
  version "1.6.18"
  resolved "https://registry.npmjs.org/type-is/-/type-is-1.6.18.tgz"
  integrity sha512-TkRKr9sUTxEH8MdfuCSP7VizJyzRNMjj2J2do2Jr3Kym598JVdEksuzPQCnlFPW4ky9Q+iA+ma9BGm06XQBy8g==
  dependencies:
    media-typer "0.3.0"
    mime-types "~2.1.24"

uid-number@0.0.5:
  version "0.0.5"
  resolved "https://registry.npmjs.org/uid-number/-/uid-number-0.0.5.tgz"
  integrity sha1-Wj2yPvXb1VuB/ODsmirG/M3ruB4=

ultron@1.0.x:
  version "1.0.2"
  resolved "https://registry.npmjs.org/ultron/-/ultron-1.0.2.tgz"
  integrity sha1-rOEWq1V80Zc4ak6I9GhTeMiy5Po=

unpipe@~1.0.0:
  version "1.0.0"
  resolved "https://registry.npmjs.org/unpipe/-/unpipe-1.0.0.tgz"
  integrity sha1-sr9O6FFKrmFltIF4KdIbLvSZBOw=

utf-8-validate@1.2.x:
  version "1.2.2"
  resolved "https://registry.yarnpkg.com/utf-8-validate/-/utf-8-validate-1.2.2.tgz#8bb871a4741e085c70487ca7acdbd7d6d36029eb"
  integrity sha1-i7hxpHQeCFxwSHynrNvX1tNgKes=
  dependencies:
    bindings "~1.2.1"
    nan "~2.4.0"

utils-merge@1.0.0:
  version "1.0.0"
  resolved "https://registry.npmjs.org/utils-merge/-/utils-merge-1.0.0.tgz"
  integrity sha1-ApT7kiu5N1FTVBxPcJYjHyh8ivg=

vary@~1.0.0:
  version "1.0.1"
  resolved "https://registry.npmjs.org/vary/-/vary-1.0.1.tgz"
  integrity sha1-meSYFWaihhGN+yuBc1ffeZM3bRA=

wrench@1.5.8:
  version "1.5.8"
  resolved "https://registry.npmjs.org/wrench/-/wrench-1.5.8.tgz"
  integrity sha1-ejHJf3hpJG12xc8vXJd6HEyOWrU=

ws@0.8.0:
  version "0.8.0"
  resolved "https://registry.npmjs.org/ws/-/ws-0.8.0.tgz"
  integrity sha1-rGDrrTEhIdAeFswzg9fsZ60PDx8=
  dependencies:
    options ">=0.0.5"
    ultron "1.0.x"
  optionalDependencies:
    bufferutil "1.2.x"
    utf-8-validate "1.2.x"
